
Microsoft Visual Studio Solution File, Format Version 12.00
# Visual Studio Version 16
VisualStudioVersion = 16.0.29001.49
MinimumVisualStudioVersion = 10.0.40219.1
Project("{FAE04EC0-301F-11D3-BF4B-00C04F79EFBC}") = "LotteryApp", "LotteryApp\LotteryApp.csproj", "{CE6644D3-F54D-4982-847C-433F143BE0E9}"
EndProject
Project("{FAE04EC0-301F-11D3-BF4B-00C04F79EFBC}") = "DomainModels", "DtoModels\DomainModels.csproj", "{9DFDE743-5BF8-4B0A-A77C-138E7BF5F0B2}"
EndProject
Project("{FAE04EC0-301F-11D3-BF4B-00C04F79EFBC}") = "DataLayer", "DataLayer\DataLayer.csproj", "{114C4981-0A61-477C-A69A-0EF9F1003721}"
EndProject
Project("{FAE04EC0-301F-11D3-BF4B-00C04F79EFBC}") = "ViewModels", "ViewModels\ViewModels.csproj", "{4DFBD380-B452-4B77-85C1-5780236B3436}"
EndProject
Project("{FAE04EC0-301F-11D3-BF4B-00C04F79EFBC}") = "BusinessLayer", "BusinessLayer\BusinessLayer.csproj", "{B2FBF350-C917-4E8A-B412-1519B17DBF6C}"
EndProject
Global
	GlobalSection(SolutionConfigurationPlatforms) = preSolution
		Debug|Any CPU = Debug|Any CPU
		Release|Any CPU = Release|Any CPU
	EndGlobalSection
	GlobalSection(ProjectConfigurationPlatforms) = postSolution
		{CE6644D3-F54D-4982-847C-433F143BE0E9}.Debug|Any CPU.ActiveCfg = Debug|Any CPU
		{CE6644D3-F54D-4982-847C-433F143BE0E9}.Debug|Any CPU.Build.0 = Debug|Any CPU
		{CE6644D3-F54D-4982-847C-433F143BE0E9}.Release|Any CPU.ActiveCfg = Release|Any CPU
		{CE6644D3-F54D-4982-847C-433F143BE0E9}.Release|Any CPU.Build.0 = Release|Any CPU
		{9DFDE743-5BF8-4B0A-A77C-138E7BF5F0B2}.Debug|Any CPU.ActiveCfg = Debug|Any CPU
		{9DFDE743-5BF8-4B0A-A77C-138E7BF5F0B2}.Debug|Any CPU.Build.0 = Debug|Any CPU
		{9DFDE743-5BF8-4B0A-A77C-138E7BF5F0B2}.Release|Any CPU.ActiveCfg = Release|Any CPU
		{9DFDE743-5BF8-4B0A-A77C-138E7BF5F0B2}.Release|Any CPU.Build.0 = Release|Any CPU
		{114C4981-0A61-477C-A69A-0EF9F1003721}.Debug|Any CPU.ActiveCfg = Debug|Any CPU
		{114C4981-0A61-477C-A69A-0EF9F1003721}.Debug|Any CPU.Build.0 = Debug|Any CPU
		{114C4981-0A61-477C-A69A-0EF9F1003721}.Release|Any CPU.ActiveCfg = Release|Any CPU
		{114C4981-0A61-477C-A69A-0EF9F1003721}.Release|Any CPU.Build.0 = Release|Any CPU
		{4DFBD380-B452-4B77-85C1-5780236B3436}.Debug|Any CPU.ActiveCfg = Debug|Any CPU
		{4DFBD380-B452-4B77-85C1-5780236B3436}.Debug|Any CPU.Build.0 = Debug|Any CPU
		{4DFBD380-B452-4B77-85C1-5780236B3436}.Release|Any CPU.ActiveCfg = Release|Any CPU
		{4DFBD380-B452-4B77-85C1-5780236B3436}.Release|Any CPU.Build.0 = Release|Any CPU
		{B2FBF350-C917-4E8A-B412-1519B17DBF6C}.Debug|Any CPU.ActiveCfg = Debug|Any CPU
		{B2FBF350-C917-4E8A-B412-1519B17DBF6C}.Debug|Any CPU.Build.0 = Debug|Any CPU
		{B2FBF350-C917-4E8A-B412-1519B17DBF6C}.Release|Any CPU.ActiveCfg = Release|Any CPU
		{B2FBF350-C917-4E8A-B412-1519B17DBF6C}.Release|Any CPU.Build.0 = Release|Any CPU
	EndGlobalSection
	GlobalSection(SolutionProperties) = preSolution
		HideSolutionNode = FALSE
	EndGlobalSection
	GlobalSection(ExtensibilityGlobals) = postSolution
		SolutionGuid = {33CD3FEB-B9D0-4C5C-9E05-AA13217BE326}
	EndGlobalSection
EndGlobal
